Microsoft Visual Studio Solution File, Format Version 12.00
# Visual Studio Version 17
VisualStudioVersion = 17.5.2.0
MinimumVisualStudioVersion = 10.0.40219.1
Project("{FAE04EC0-301F-11D3-BF4B-00C04F79EFBC}") = "ProjetoLead.API", "ProjetoLead.API.csproj", "{B69EEC9F-A65C-67D8-11EC-335702F20A3D}"
EndProject
Global
	GlobalSection(SolutionConfigurationPlatforms) = preSolution
		Debug|Any CPU = Debug|Any CPU
		Release|Any CPU = Release|Any CPU
	EndGlobalSection
	GlobalSection(ProjectConfigurationPlatforms) = postSolution
		{B69EEC9F-A65C-67D8-11EC-335702F20A3D}.Debug|Any CPU.ActiveCfg = Debug|Any CPU
		{B69EEC9F-A65C-67D8-11EC-335702F20A3D}.Debug|Any CPU.Build.0 = Debug|Any CPU
		{B69EEC9F-A65C-67D8-11EC-335702F20A3D}.Release|Any CPU.ActiveCfg = Release|Any CPU
		{B69EEC9F-A65C-67D8-11EC-335702F20A3D}.Release|Any CPU.Build.0 = Release|Any CPU
	EndGlobalSection
	GlobalSection(SolutionProperties) = preSolution
		HideSolutionNode = FALSE
	EndGlobalSection
	GlobalSection(ExtensibilityGlobals) = postSolution
		SolutionGuid = {748414B4-B32A-495F-95C1-0E16EB4A0F39}
	EndGlobalSection
EndGlobal
